
Microsoft Visual Studio Solution File, Format Version 12.00
# Visual Studio 15
VisualStudioVersion = 15.0.33026.149
MinimumVisualStudioVersion = 10.0.40219.1
Project("{FAE04EC0-301F-11D3-BF4B-00C04F79EFBC}") = "ProjetoContaBancaria", "ProjetoContaBancaria\ProjetoContaBancaria.csproj", "{8032E924-147E-4883-988C-5359F6EF11C4}"
EndProject
Global
	GlobalSection(SolutionConfigurationPlatforms) = preSolution
		Debug|Any CPU = Debug|Any CPU
		Release|Any CPU = Release|Any CPU
	EndGlobalSection
	GlobalSection(ProjectConfigurationPlatforms) = postSolution
		{8032E924-147E-4883-988C-5359F6EF11C4}.Debug|Any CPU.ActiveCfg = Debug|Any CPU
		{8032E924-147E-4883-988C-5359F6EF11C4}.Debug|Any CPU.Build.0 = Debug|Any CPU
		{8032E924-147E-4883-988C-5359F6EF11C4}.Release|Any CPU.ActiveCfg = Release|Any CPU
		{8032E924-147E-4883-988C-5359F6EF11C4}.Release|Any CPU.Build.0 = Release|Any CPU
	EndGlobalSection
	GlobalSection(SolutionProperties) = preSolution
		HideSolutionNode = FALSE
	EndGlobalSection
	GlobalSection(ExtensibilityGlobals) = postSolution
		SolutionGuid = {8F871FAD-0BEE-4D7F-8A36-B1377B5A8C13}
	EndGlobalSection
EndGlobal
